<?xml version="1.0" encoding="utf-8"?>
<Project ToolsVersion="4.0" xmlns="http://schemas.microsoft.com/developer/msbuild/2003">
  <ItemGroup>
    <Filter Include="ソース ファイル">
      <UniqueIdentifier>{4FC737F1-C7A5-4376-A066-2A32D752A2FF}</UniqueIdentifier>
      <Extensions>cpp;c;cc;cxx;c++;cppm;ixx;def;odl;idl;hpj;bat;asm;asmx</Extensions>
    </Filter>
    <Filter Include="ヘッダー ファイル">
      <UniqueIdentifier>{93995380-89BD-4b04-88EB-625FBE52EBFB}</UniqueIdentifier>
      <Extensions>h;hh;hpp;hxx;h++;hm;inl;inc;ipp;xsd</Extensions>
    </Filter>
    <Filter Include="リソース ファイル">
      <UniqueIdentifier>{67DA6AB6-F800-4c08-8B7A-83BB121AAD01}</UniqueIdentifier>
      <Extensions>rc;ico;cur;bmp;dlg;rc2;rct;bin;rgs;gif;jpg;jpeg;jpe;resx;tiff;tif;png;wav;mfcribbon-ms</Extensions>
    </Filter>
    <Filter Include="ソース ファイル\シーン管理">
      <UniqueIdentifier>{0b0aa213-94f4-4cac-91dc-98e81e420347}</UniqueIdentifier>
    </Filter>
    <Filter Include="ソース ファイル\Main＆Game">
      <UniqueIdentifier>{bc75f800-fd3e-46ab-bdc0-0d9eec166c00}</UniqueIdentifier>
    </Filter>
    <Filter Include="ヘッダー ファイル\シーン管理">
      <UniqueIdentifier>{61b11537-ec96-41f1-8e57-8f9ed3ccd869}</UniqueIdentifier>
    </Filter>
    <Filter Include="ヘッダー ファイル\怪獣データ">
      <UniqueIdentifier>{93cb69e8-08a9-4ad9-ba15-c333ae5d9748}</UniqueIdentifier>
    </Filter>
    <Filter Include="ヘッダー ファイル\Main＆Game">
      <UniqueIdentifier>{64b281b6-200e-4936-ac6e-ce5f74235beb}</UniqueIdentifier>
    </Filter>
    <Filter Include="ソース ファイル\怪獣データ">
      <UniqueIdentifier>{59c563fb-7175-46b0-beee-a3d59f70cd3e}</UniqueIdentifier>
    </Filter>
    <Filter Include="ヘッダー ファイル\プレイヤー">
      <UniqueIdentifier>{36f152d3-1887-4e6e-8fa2-f8a33422bc78}</UniqueIdentifier>
    </Filter>
    <Filter Include="ソース ファイル\プレイヤー">
      <UniqueIdentifier>{1ea023c3-80ce-4706-ae67-9f0474699f58}</UniqueIdentifier>
    </Filter>
    <Filter Include="ソース ファイル\バトル">
      <UniqueIdentifier>{2d573594-5693-47fb-801f-429ba4c24879}</UniqueIdentifier>
    </Filter>
    <Filter Include="ヘッダー ファイル\バトル">
      <UniqueIdentifier>{e98a7163-64a5-4aff-9ff9-5bcc66358682}</UniqueIdentifier>
    </Filter>
    <Filter Include="ヘッダー ファイル\フェーズ">
      <UniqueIdentifier>{51fbd763-33a0-4aa7-8e4c-cbbf556e0a00}</UniqueIdentifier>
    </Filter>
    <Filter Include="ソース ファイル\フェーズ">
      <UniqueIdentifier>{ccf59725-fc90-41ed-ba21-18f578eb3bb9}</UniqueIdentifier>
    </Filter>
    <Filter Include="ヘッダー ファイル\CPU">
      <UniqueIdentifier>{518ce562-6d82-4d93-af11-681f8c52bd21}</UniqueIdentifier>
    </Filter>
    <Filter Include="ソース ファイル\CPU">
      <UniqueIdentifier>{c69c501b-dadb-4b41-b55d-bfa6445c2e89}</UniqueIdentifier>
    </Filter>
  </ItemGroup>
  <ItemGroup>
    <ClCompile Include="SceneEnd.cpp">
      <Filter>ソース ファイル\シーン管理</Filter>
    </ClCompile>
    <ClCompile Include="SceneOP.cpp">
      <Filter>ソース ファイル\シーン管理</Filter>
    </ClCompile>
    <ClCompile Include="ScenePlay.cpp">
      <Filter>ソース ファイル\シーン管理</Filter>
    </ClCompile>
    <ClCompile Include="SceneManager.cpp">
      <Filter>ソース ファイル\シーン管理</Filter>
    </ClCompile>
    <ClCompile Include="WinMain.cpp">
      <Filter>ソース ファイル\Main＆Game</Filter>
    </ClCompile>
    <ClCompile Include="Game.cpp">
      <Filter>ソース ファイル\Main＆Game</Filter>
    </ClCompile>
    <ClCompile Include="MonstaerData.cpp">
      <Filter>ソース ファイル\怪獣データ</Filter>
    </ClCompile>
    <ClCompile Include="Player.cpp">
      <Filter>ソース ファイル\プレイヤー</Filter>
    </ClCompile>
    <ClCompile Include="Function.cpp">
      <Filter>ソース ファイル\Main＆Game</Filter>
    </ClCompile>
    <ClCompile Include="MoveData.cpp">
      <Filter>ソース ファイル\怪獣データ</Filter>
    </ClCompile>
    <ClCompile Include="CommandPhase.cpp">
      <Filter>ソース ファイル\フェーズ</Filter>
    </ClCompile>
    <ClCompile Include="MoveSelectPhase.cpp">
      <Filter>ソース ファイル\フェーズ</Filter>
    </ClCompile>
    <ClCompile Include="Cursor.cpp">
      <Filter>ソース ファイル\プレイヤー</Filter>
    </ClCompile>
    <ClCompile Include="ActionPhase.cpp">
      <Filter>ソース ファイル\フェーズ</Filter>
    </ClCompile>
    <ClCompile Include="InputManager.cpp">
      <Filter>ソース ファイル\プレイヤー</Filter>
    </ClCompile>
    <ClCompile Include="CheckFaintPhase.cpp">
      <Filter>ソース ファイル\フェーズ</Filter>
    </ClCompile>
    <ClCompile Include="PhaseManager.cpp">
      <Filter>ソース ファイル\フェーズ</Filter>
    </ClCompile>
    <ClCompile Include="DamageCalculator.cpp">
      <Filter>ソース ファイル\バトル</Filter>
    </ClCompile>
    <ClCompile Include="ChangeMonsPhase.cpp">
      <Filter>ソース ファイル\フェーズ</Filter>
    </ClCompile>
    <ClCompile Include="EndGamePhase.cpp">
      <Filter>ソース ファイル\フェーズ</Filter>
    </ClCompile>
    <ClCompile Include="EffectApplier.cpp">
      <Filter>ソース ファイル\バトル</Filter>
    </ClCompile>
    <ClCompile Include="CpuAttackScorer.cpp">
      <Filter>ソース ファイル\CPU</Filter>
    </ClCompile>
    <ClCompile Include="CpuBrain.cpp">
      <Filter>ソース ファイル\CPU</Filter>
    </ClCompile>
    <ClCompile Include="CpuRiskEvaluator.cpp">
      <Filter>ソース ファイル\CPU</Filter>
    </ClCompile>
    <ClCompile Include="CpuStatusScorer.cpp">
      <Filter>ソース ファイル\CPU</Filter>
    </ClCompile>
    <ClCompile Include="CpuSwitchScorer.cpp">
      <Filter>ソース ファイル\CPU</Filter>
    </ClCompile>
  </ItemGroup>
  <ItemGroup>
    <ClInclude Include="SceneBase.h">
      <Filter>ヘッダー ファイル\シーン管理</Filter>
    </ClInclude>
    <ClInclude Include="SceneOP.h">
      <Filter>ヘッダー ファイル\シーン管理</Filter>
    </ClInclude>
    <ClInclude Include="ScenePlay.h">
      <Filter>ヘッダー ファイル\シーン管理</Filter>
    </ClInclude>
    <ClInclude Include="SceneEnd.h">
      <Filter>ヘッダー ファイル\シーン管理</Filter>
    </ClInclude>
    <ClInclude Include="SceneManager.h">
      <Filter>ヘッダー ファイル\シーン管理</Filter>
    </ClInclude>
    <ClInclude Include="MonsterBaseData.h">
      <Filter>ヘッダー ファイル\怪獣データ</Filter>
    </ClInclude>
    <ClInclude Include="Element.h">
      <Filter>ヘッダー ファイル\怪獣データ</Filter>
    </ClInclude>
    <ClInclude Include="MonsterData.h">
      <Filter>ヘッダー ファイル\怪獣データ</Filter>
    </ClInclude>
    <ClInclude Include="Game.h">
      <Filter>ヘッダー ファイル\Main＆Game</Filter>
    </ClInclude>
    <ClInclude Include="Function.h">
      <Filter>ヘッダー ファイル\Main＆Game</Filter>
    </ClInclude>
    <ClInclude Include="KeyAction.h">
      <Filter>ヘッダー ファイル\Main＆Game</Filter>
    </ClInclude>
    <ClInclude Include="Structure.h">
      <Filter>ヘッダー ファイル\Main＆Game</Filter>
    </ClInclude>
    <ClInclude Include="Player.h">
      <Filter>ヘッダー ファイル\プレイヤー</Filter>
    </ClInclude>
    <ClInclude Include="MoveData.h">
      <Filter>ヘッダー ファイル\怪獣データ</Filter>
    </ClInclude>
    <ClInclude Include="Enumeration.h">
      <Filter>ヘッダー ファイル\Main＆Game</Filter>
    </ClInclude>
    <ClInclude Include="PhaseManager.h">
      <Filter>ヘッダー ファイル\フェーズ</Filter>
    </ClInclude>
    <ClInclude Include="CommandPhase.h">
      <Filter>ヘッダー ファイル\フェーズ</Filter>
    </ClInclude>
    <ClInclude Include="PhaseBase.h">
      <Filter>ヘッダー ファイル\フェーズ</Filter>
    </ClInclude>
    <ClInclude Include="MoveSelectPhase.h">
      <Filter>ヘッダー ファイル\フェーズ</Filter>
    </ClInclude>
    <ClInclude Include="Cursor.h">
      <Filter>ヘッダー ファイル\プレイヤー</Filter>
    </ClInclude>
    <ClInclude Include="ActionPhase.h">
      <Filter>ヘッダー ファイル\フェーズ</Filter>
    </ClInclude>
    <ClInclude Include="InputManager.h">
      <Filter>ヘッダー ファイル\プレイヤー</Filter>
    </ClInclude>
    <ClInclude Include="CheckFaintPhase.h">
      <Filter>ヘッダー ファイル\フェーズ</Filter>
    </ClInclude>
    <ClInclude Include="BattleContext.h">
      <Filter>ヘッダー ファイル\バトル</Filter>
    </ClInclude>
    <ClInclude Include="BattleMonster.h">
      <Filter>ヘッダー ファイル\バトル</Filter>
    </ClInclude>
    <ClInclude Include="DamageCalculator.h">
      <Filter>ヘッダー ファイル\バトル</Filter>
    </ClInclude>
    <ClInclude Include="ChangeMonsPhase.h">
      <Filter>ヘッダー ファイル\フェーズ</Filter>
    </ClInclude>
    <ClInclude Include="Party.h">
      <Filter>ヘッダー ファイル\バトル</Filter>
    </ClInclude>
    <ClInclude Include="EndBattlePhase.h">
      <Filter>ヘッダー ファイル\フェーズ</Filter>
    </ClInclude>
    <ClInclude Include="EffectApplier.h">
      <Filter>ヘッダー ファイル\バトル</Filter>
    </ClInclude>
    <ClInclude Include="CpuAttackScorer.h">
      <Filter>ヘッダー ファイル\CPU</Filter>
    </ClInclude>
    <ClInclude Include="CpuBrain.h">
      <Filter>ヘッダー ファイル\CPU</Filter>
    </ClInclude>
    <ClInclude Include="CpuStatusScorer.h">
      <Filter>ヘッダー ファイル\CPU</Filter>
    </ClInclude>
    <ClInclude Include="CpuRiskEvaluator.h">
      <Filter>ヘッダー ファイル\CPU</Filter>
    </ClInclude>
    <ClInclude Include="CpuSwitchScorer.h">
      <Filter>ヘッダー ファイル\CPU</Filter>
    </ClInclude>
  </ItemGroup>
</Project>